
Microsoft Visual Studio Solution File, Format Version 12.00
# Visual Studio 15
VisualStudioVersion = 15.0.28307.779
MinimumVisualStudioVersion = 10.0.40219.1
Project("{9A19103F-16F7-4668-BE54-9A1E7A4F7556}") = "CaptainData", "CaptainData\CaptainData.csproj", "{D495DFEE-E347-4E35-9712-5F583C5B2966}"
EndProject
Project("{FAE04EC0-301F-11D3-BF4B-00C04F79EFBC}") = "CaptainData.Tests", "CaptainData.Tests\CaptainData.Tests.csproj", "{7700F825-AA30-42A5-848B-E6D4B4328666}"
EndProject
Global
	GlobalSection(SolutionConfigurationPlatforms) = preSolution
		Debug|Any CPU = Debug|Any CPU
		Release|Any CPU = Release|Any CPU
	EndGlobalSection
	GlobalSection(ProjectConfigurationPlatforms) = postSolution
		{D495DFEE-E347-4E35-9712-5F583C5B2966}.Debug|Any CPU.ActiveCfg = Debug|Any CPU
		{D495DFEE-E347-4E35-9712-5F583C5B2966}.Debug|Any CPU.Build.0 = Debug|Any CPU
		{D495DFEE-E347-4E35-9712-5F583C5B2966}.Release|Any CPU.ActiveCfg = Release|Any CPU
		{D495DFEE-E347-4E35-9712-5F583C5B2966}.Release|Any CPU.Build.0 = Release|Any CPU
		{7700F825-AA30-42A5-848B-E6D4B4328666}.Debug|Any CPU.ActiveCfg = Debug|Any CPU
		{7700F825-AA30-42A5-848B-E6D4B4328666}.Debug|Any CPU.Build.0 = Debug|Any CPU
		{7700F825-AA30-42A5-848B-E6D4B4328666}.Release|Any CPU.ActiveCfg = Release|Any CPU
		{7700F825-AA30-42A5-848B-E6D4B4328666}.Release|Any CPU.Build.0 = Release|Any CPU
	EndGlobalSection
	GlobalSection(SolutionProperties) = preSolution
		HideSolutionNode = FALSE
	EndGlobalSection
	GlobalSection(ExtensibilityGlobals) = postSolution
		SolutionGuid = {13330E29-ECD9-4871-9C41-79C541BBB65E}
	EndGlobalSection
EndGlobal
